
Microsoft Visual Studio Solution File, Format Version 12.00
# Visual Studio 2015
Project("{FAE04EC0-301F-11D3-BF4B-00C04F79EFBC}") = "SikSya-WooHee", "SikSya-WooHee.csproj", "{F92F80D3-960C-FEFD-DFE8-A7D15CEDD4C6}"
EndProject
Project("{FAE04EC0-301F-11D3-BF4B-00C04F79EFBC}") = "SikSya-WooHee.Editor", "SikSya-WooHee.Editor.csproj", "{D74F1B70-7685-06F0-5C2A-06D2FD6491C3}"
EndProject
Global
	GlobalSection(SolutionConfigurationPlatforms) = preSolution
		Debug|Any CPU = Debug|Any CPU
		Release|Any CPU = Release|Any CPU
	EndGlobalSection
	GlobalSection(ProjectConfigurationPlatforms) = postSolution
		{F92F80D3-960C-FEFD-DFE8-A7D15CEDD4C6}.Debug|Any CPU.ActiveCfg = Debug|Any CPU
		{F92F80D3-960C-FEFD-DFE8-A7D15CEDD4C6}.Debug|Any CPU.Build.0 = Debug|Any CPU
		{F92F80D3-960C-FEFD-DFE8-A7D15CEDD4C6}.Release|Any CPU.ActiveCfg = Release|Any CPU
		{F92F80D3-960C-FEFD-DFE8-A7D15CEDD4C6}.Release|Any CPU.Build.0 = Release|Any CPU
		{D74F1B70-7685-06F0-5C2A-06D2FD6491C3}.Debug|Any CPU.ActiveCfg = Debug|Any CPU
		{D74F1B70-7685-06F0-5C2A-06D2FD6491C3}.Debug|Any CPU.Build.0 = Debug|Any CPU
		{D74F1B70-7685-06F0-5C2A-06D2FD6491C3}.Release|Any CPU.ActiveCfg = Release|Any CPU
		{D74F1B70-7685-06F0-5C2A-06D2FD6491C3}.Release|Any CPU.Build.0 = Release|Any CPU
	EndGlobalSection
	GlobalSection(SolutionProperties) = preSolution
		HideSolutionNode = FALSE
	EndGlobalSection
EndGlobal
