
Microsoft Visual Studio Solution File, Format Version 12.00
# Visual Studio 2015
Project("{FAE04EC0-301F-11D3-BF4B-00C04F79EFBC}") = "SikSya", "SikSya.csproj", "{261CBBBA-C267-FA63-DA43-6C891481F402}"
EndProject
Project("{FAE04EC0-301F-11D3-BF4B-00C04F79EFBC}") = "SikSya.Editor", "SikSya.Editor.csproj", "{D15BFA60-7838-525D-87C7-AB7D1E867008}"
EndProject
Global
	GlobalSection(SolutionConfigurationPlatforms) = preSolution
		Debug|Any CPU = Debug|Any CPU
		Release|Any CPU = Release|Any CPU
	EndGlobalSection
	GlobalSection(ProjectConfigurationPlatforms) = postSolution
		{261CBBBA-C267-FA63-DA43-6C891481F402}.Debug|Any CPU.ActiveCfg = Debug|Any CPU
		{261CBBBA-C267-FA63-DA43-6C891481F402}.Debug|Any CPU.Build.0 = Debug|Any CPU
		{261CBBBA-C267-FA63-DA43-6C891481F402}.Release|Any CPU.ActiveCfg = Release|Any CPU
		{261CBBBA-C267-FA63-DA43-6C891481F402}.Release|Any CPU.Build.0 = Release|Any CPU
		{D15BFA60-7838-525D-87C7-AB7D1E867008}.Debug|Any CPU.ActiveCfg = Debug|Any CPU
		{D15BFA60-7838-525D-87C7-AB7D1E867008}.Debug|Any CPU.Build.0 = Debug|Any CPU
		{D15BFA60-7838-525D-87C7-AB7D1E867008}.Release|Any CPU.ActiveCfg = Release|Any CPU
		{D15BFA60-7838-525D-87C7-AB7D1E867008}.Release|Any CPU.Build.0 = Release|Any CPU
	EndGlobalSection
	GlobalSection(SolutionProperties) = preSolution
		HideSolutionNode = FALSE
	EndGlobalSection
EndGlobal
